// !$*UTF8*$!
{
	archiveVersion = 1;
	classes = {
	};
	objectVersion = 56;
	objects = {

/* Begin PBXBuildFile section */
		ED7965A22A4B4C2D00361D26 /* setUpDatePickerOfBDayDate.swift in Sources */ = {isa = PBXBuildFile; fileRef = ED7965A12A4B4C2D00361D26 /* setUpDatePickerOfBDayDate.swift */; };
		ED7965A42A4B53A800361D26 /* setUpGenderPicker.swift in Sources */ = {isa = PBXBuildFile; fileRef = ED7965A32A4B53A800361D26 /* setUpGenderPicker.swift */; };
		ED7965A62A4C216000361D26 /* ExtensionForUITextView.swift in Sources */ = {isa = PBXBuildFile; fileRef = ED7965A52A4C216000361D26 /* ExtensionForUITextView.swift */; };
		ED89F65B2A49C084005F2F4A /* UIPersonCard.swift in Sources */ = {isa = PBXBuildFile; fileRef = ED89F65A2A49C084005F2F4A /* UIPersonCard.swift */; };
		ED89F67D2A49F938005F2F4A /* TableViewCellForPersonCard.swift in Sources */ = {isa = PBXBuildFile; fileRef = ED89F67C2A49F938005F2F4A /* TableViewCellForPersonCard.swift */; };
		ED89F6802A4B0614005F2F4A /* PersonProfileView.swift in Sources */ = {isa = PBXBuildFile; fileRef = ED89F67F2A4B0614005F2F4A /* PersonProfileView.swift */; };
		ED9E4A682A81174D003C4274 /* Data Base.xcdatamodeld in Sources */ = {isa = PBXBuildFile; fileRef = ED9E4A662A81174D003C4274 /* Data Base.xcdatamodeld */; };
		ED9E4A6A2A811766003C4274 /* CoreDataManager.swift in Sources */ = {isa = PBXBuildFile; fileRef = ED9E4A692A811766003C4274 /* CoreDataManager.swift */; };
		ED9E4A6C2A811866003C4274 /* PersonEntity.swift in Sources */ = {isa = PBXBuildFile; fileRef = ED9E4A6B2A811866003C4274 /* PersonEntity.swift */; };
		EDD044182A2629ED003D3DF1 /* AppDelegate.swift in Sources */ = {isa = PBXBuildFile; fileRef = EDD044172A2629ED003D3DF1 /* AppDelegate.swift */; };
		EDD0441A2A2629ED003D3DF1 /* SceneDelegate.swift in Sources */ = {isa = PBXBuildFile; fileRef = EDD044192A2629ED003D3DF1 /* SceneDelegate.swift */; };
		EDD0441F2A2629ED003D3DF1 /* Main.storyboard in Resources */ = {isa = PBXBuildFile; fileRef = EDD0441D2A2629ED003D3DF1 /* Main.storyboard */; };
		EDD044212A2629F2003D3DF1 /* Assets.xcassets in Resources */ = {isa = PBXBuildFile; fileRef = EDD044202A2629F2003D3DF1 /* Assets.xcassets */; };
		EDD044242A2629F2003D3DF1 /* LaunchScreen.storyboard in Resources */ = {isa = PBXBuildFile; fileRef = EDD044222A2629F2003D3DF1 /* LaunchScreen.storyboard */; };
		EDD0442D2A262B7B003D3DF1 /* BirthdaysListViewController.swift in Sources */ = {isa = PBXBuildFile; fileRef = EDD0442C2A262B7B003D3DF1 /* BirthdaysListViewController.swift */; };
		EDD0442F2A262C5B003D3DF1 /* PersonProfileViewController.swift in Sources */ = {isa = PBXBuildFile; fileRef = EDD0442E2A262C5B003D3DF1 /* PersonProfileViewController.swift */; };
		EDD044312A262CFD003D3DF1 /* Model of Person.swift in Sources */ = {isa = PBXBuildFile; fileRef = EDD044302A262CFD003D3DF1 /* Model of Person.swift */; };
		EDD044342A262F94003D3DF1 /* UIViews.swift in Sources */ = {isa = PBXBuildFile; fileRef = EDD044332A262F94003D3DF1 /* UIViews.swift */; };
/* End PBXBuildFile section */

/* Begin PBXFileReference section */
		ED7965A12A4B4C2D00361D26 /* setUpDatePickerOfBDayDate.swift */ = {isa = PBXFileReference; lastKnownFileType = sourcecode.swift; path = setUpDatePickerOfBDayDate.swift; sourceTree = "<group>"; };
		ED7965A32A4B53A800361D26 /* setUpGenderPicker.swift */ = {isa = PBXFileReference; lastKnownFileType = sourcecode.swift; path = setUpGenderPicker.swift; sourceTree = "<group>"; };
		ED7965A52A4C216000361D26 /* ExtensionForUITextView.swift */ = {isa = PBXFileReference; lastKnownFileType = sourcecode.swift; path = ExtensionForUITextView.swift; sourceTree = "<group>"; };
		ED89F65A2A49C084005F2F4A /* UIPersonCard.swift */ = {isa = PBXFileReference; lastKnownFileType = sourcecode.swift; path = UIPersonCard.swift; sourceTree = "<group>"; };
		ED89F67C2A49F938005F2F4A /* TableViewCellForPersonCard.swift */ = {isa = PBXFileReference; lastKnownFileType = sourcecode.swift; path = TableViewCellForPersonCard.swift; sourceTree = "<group>"; };
		ED89F67F2A4B0614005F2F4A /* PersonProfileView.swift */ = {isa = PBXFileReference; lastKnownFileType = sourcecode.swift; path = PersonProfileView.swift; sourceTree = "<group>"; };
		ED9E4A672A81174D003C4274 /* Data Base.xcdatamodel */ = {isa = PBXFileReference; lastKnownFileType = wrapper.xcdatamodel; path = "Data Base.xcdatamodel"; sourceTree = "<group>"; };
		ED9E4A692A811766003C4274 /* CoreDataManager.swift */ = {isa = PBXFileReference; lastKnownFileType = sourcecode.swift; path = CoreDataManager.swift; sourceTree = "<group>"; };
		ED9E4A6B2A811866003C4274 /* PersonEntity.swift */ = {isa = PBXFileReference; lastKnownFileType = sourcecode.swift; path = PersonEntity.swift; sourceTree = "<group>"; };
		EDD044142A2629ED003D3DF1 /* Birthday Reminder (UIKit Home work 5).app */ = {isa = PBXFileReference; explicitFileType = wrapper.application; includeInIndex = 0; path = "Birthday Reminder (UIKit Home work 5).app"; sourceTree = BUILT_PRODUCTS_DIR; };
		EDD044172A2629ED003D3DF1 /* AppDelegate.swift */ = {isa = PBXFileReference; lastKnownFileType = sourcecode.swift; path = AppDelegate.swift; sourceTree = "<group>"; };
		EDD044192A2629ED003D3DF1 /* SceneDelegate.swift */ = {isa = PBXFileReference; lastKnownFileType = sourcecode.swift; path = SceneDelegate.swift; sourceTree = "<group>"; };
		EDD0441E2A2629ED003D3DF1 /* Base */ = {isa = PBXFileReference; lastKnownFileType = file.storyboard; name = Base; path = Base.lproj/Main.storyboard; sourceTree = "<group>"; };
		EDD044202A2629F2003D3DF1 /* Assets.xcassets */ = {isa = PBXFileReference; lastKnownFileType = folder.assetcatalog; path = Assets.xcassets; sourceTree = "<group>"; };
		EDD044232A2629F2003D3DF1 /* Base */ = {isa = PBXFileReference; lastKnownFileType = file.storyboard; name = Base; path = Base.lproj/LaunchScreen.storyboard; sourceTree = "<group>"; };
		EDD044252A2629F2003D3DF1 /* Info.plist */ = {isa = PBXFileReference; lastKnownFileType = text.plist.xml; path = Info.plist; sourceTree = "<group>"; };
		EDD0442C2A262B7B003D3DF1 /* BirthdaysListViewController.swift */ = {isa = PBXFileReference; lastKnownFileType = sourcecode.swift; path = BirthdaysListViewController.swift; sourceTree = "<group>"; };
		EDD0442E2A262C5B003D3DF1 /* PersonProfileViewController.swift */ = {isa = PBXFileReference; lastKnownFileType = sourcecode.swift; path = PersonProfileViewController.swift; sourceTree = "<group>"; };
		EDD044302A262CFD003D3DF1 /* Model of Person.swift */ = {isa = PBXFileReference; lastKnownFileType = sourcecode.swift; path = "Model of Person.swift"; sourceTree = "<group>"; };
		EDD044332A262F94003D3DF1 /* UIViews.swift */ = {isa = PBXFileReference; lastKnownFileType = sourcecode.swift; path = UIViews.swift; sourceTree = "<group>"; };
/* End PBXFileReference section */

/* Begin PBXFrameworksBuildPhase section */
		EDD044112A2629ED003D3DF1 /* Frameworks */ = {
			isa = PBXFrameworksBuildPhase;
			buildActionMask = 2147483647;
			files = (
			);
			runOnlyForDeploymentPostprocessing = 0;
		};
/* End PBXFrameworksBuildPhase section */

/* Begin PBXGroup section */
		ED89F67E2A4AEC3C005F2F4A /* Views */ = {
			isa = PBXGroup;
			children = (
				ED7965A52A4C216000361D26 /* ExtensionForUITextView.swift */,
				EDD044332A262F94003D3DF1 /* UIViews.swift */,
				ED89F65A2A49C084005F2F4A /* UIPersonCard.swift */,
				ED89F67C2A49F938005F2F4A /* TableViewCellForPersonCard.swift */,
				ED89F67F2A4B0614005F2F4A /* PersonProfileView.swift */,
				ED7965A12A4B4C2D00361D26 /* setUpDatePickerOfBDayDate.swift */,
				ED7965A32A4B53A800361D26 /* setUpGenderPicker.swift */,
			);
			path = Views;
			sourceTree = "<group>";
		};
		EDD0440B2A2629ED003D3DF1 = {
			isa = PBXGroup;
			children = (
				EDD044162A2629ED003D3DF1 /* Birthday Reminder (UIKit Home work 5) */,
				EDD044152A2629ED003D3DF1 /* Products */,
			);
			sourceTree = "<group>";
		};
		EDD044152A2629ED003D3DF1 /* Products */ = {
			isa = PBXGroup;
			children = (
				EDD044142A2629ED003D3DF1 /* Birthday Reminder (UIKit Home work 5).app */,
			);
			name = Products;
			sourceTree = "<group>";
		};
		EDD044162A2629ED003D3DF1 /* Birthday Reminder (UIKit Home work 5) */ = {
			isa = PBXGroup;
			children = (
				EDD044172A2629ED003D3DF1 /* AppDelegate.swift */,
				EDD044192A2629ED003D3DF1 /* SceneDelegate.swift */,
				EDD044322A262D0A003D3DF1 /* Models */,
				ED89F67E2A4AEC3C005F2F4A /* Views */,
				EDD0442B2A262B4A003D3DF1 /* View controllers */,
				EDD0441D2A2629ED003D3DF1 /* Main.storyboard */,
				EDD044202A2629F2003D3DF1 /* Assets.xcassets */,
				EDD044222A2629F2003D3DF1 /* LaunchScreen.storyboard */,
				EDD044252A2629F2003D3DF1 /* Info.plist */,
				ED9E4A662A81174D003C4274 /* Data Base.xcdatamodeld */,
			);
			path = "Birthday Reminder (UIKit Home work 5)";
			sourceTree = "<group>";
		};
		EDD0442B2A262B4A003D3DF1 /* View controllers */ = {
			isa = PBXGroup;
			children = (
				EDD0442C2A262B7B003D3DF1 /* BirthdaysListViewController.swift */,
				EDD0442E2A262C5B003D3DF1 /* PersonProfileViewController.swift */,
			);
			path = "View controllers";
			sourceTree = "<group>";
		};
		EDD044322A262D0A003D3DF1 /* Models */ = {
			isa = PBXGroup;
			children = (
				EDD044302A262CFD003D3DF1 /* Model of Person.swift */,
				ED9E4A692A811766003C4274 /* CoreDataManager.swift */,
				ED9E4A6B2A811866003C4274 /* PersonEntity.swift */,
			);
			path = Models;
			sourceTree = "<group>";
		};
/* End PBXGroup section */

/* Begin PBXNativeTarget section */
		EDD044132A2629ED003D3DF1 /* Birthday Reminder (UIKit Home work 5) */ = {
			isa = PBXNativeTarget;
			buildConfigurationList = EDD044282A2629F2003D3DF1 /* Build configuration list for PBXNativeTarget "Birthday Reminder (UIKit Home work 5)" */;
			buildPhases = (
				EDD044102A2629ED003D3DF1 /* Sources */,
				EDD044112A2629ED003D3DF1 /* Frameworks */,
				EDD044122A2629ED003D3DF1 /* Resources */,
			);
			buildRules = (
			);
			dependencies = (
			);
			name = "Birthday Reminder (UIKit Home work 5)";
			productName = "Birthday Reminder (UIKit Home work 5)";
			productReference = EDD044142A2629ED003D3DF1 /* Birthday Reminder (UIKit Home work 5).app */;
			productType = "com.apple.product-type.application";
		};
/* End PBXNativeTarget section */

/* Begin PBXProject section */
		EDD0440C2A2629ED003D3DF1 /* Project object */ = {
			isa = PBXProject;
			attributes = {
				BuildIndependentTargetsInParallel = 1;
				LastSwiftUpdateCheck = 1430;
				LastUpgradeCheck = 1430;
				TargetAttributes = {
					EDD044132A2629ED003D3DF1 = {
						CreatedOnToolsVersion = 14.3;
					};
				};
			};
			buildConfigurationList = EDD0440F2A2629ED003D3DF1 /* Build configuration list for PBXProject "Birthday Reminder (UIKit Home work 5)" */;
			compatibilityVersion = "Xcode 14.0";
			developmentRegion = en;
			hasScannedForEncodings = 0;
			knownRegions = (
				en,
				Base,
			);
			mainGroup = EDD0440B2A2629ED003D3DF1;
			productRefGroup = EDD044152A2629ED003D3DF1 /* Products */;
			projectDirPath = "";
			projectRoot = "";
			targets = (
				EDD044132A2629ED003D3DF1 /* Birthday Reminder (UIKit Home work 5) */,
			);
		};
/* End PBXProject section */

/* Begin PBXResourcesBuildPhase section */
		EDD044122A2629ED003D3DF1 /* Resources */ = {
			isa = PBXResourcesBuildPhase;
			buildActionMask = 2147483647;
			files = (
				EDD044242A2629F2003D3DF1 /* LaunchScreen.storyboard in Resources */,
				EDD044212A2629F2003D3DF1 /* Assets.xcassets in Resources */,
				EDD0441F2A2629ED003D3DF1 /* Main.storyboard in Resources */,
			);
			runOnlyForDeploymentPostprocessing = 0;
		};
/* End PBXResourcesBuildPhase section */

/* Begin PBXSourcesBuildPhase section */
		EDD044102A2629ED003D3DF1 /* Sources */ = {
			isa = PBXSourcesBuildPhase;
			buildActionMask = 2147483647;
			files = (
				ED9E4A682A81174D003C4274 /* Data Base.xcdatamodeld in Sources */,
				ED89F6802A4B0614005F2F4A /* PersonProfileView.swift in Sources */,
				EDD044342A262F94003D3DF1 /* UIViews.swift in Sources */,
				EDD044312A262CFD003D3DF1 /* Model of Person.swift in Sources */,
				EDD044182A2629ED003D3DF1 /* AppDelegate.swift in Sources */,
				ED89F67D2A49F938005F2F4A /* TableViewCellForPersonCard.swift in Sources */,
				ED9E4A6C2A811866003C4274 /* PersonEntity.swift in Sources */,
				ED7965A22A4B4C2D00361D26 /* setUpDatePickerOfBDayDate.swift in Sources */,
				EDD0442F2A262C5B003D3DF1 /* PersonProfileViewController.swift in Sources */,
				EDD0441A2A2629ED003D3DF1 /* SceneDelegate.swift in Sources */,
				ED7965A62A4C216000361D26 /* ExtensionForUITextView.swift in Sources */,
				ED89F65B2A49C084005F2F4A /* UIPersonCard.swift in Sources */,
				ED7965A42A4B53A800361D26 /* setUpGenderPicker.swift in Sources */,
				ED9E4A6A2A811766003C4274 /* CoreDataManager.swift in Sources */,
				EDD0442D2A262B7B003D3DF1 /* BirthdaysListViewController.swift in Sources */,
			);
			runOnlyForDeploymentPostprocessing = 0;
		};
/* End PBXSourcesBuildPhase section */

/* Begin PBXVariantGroup section */
		EDD0441D2A2629ED003D3DF1 /* Main.storyboard */ = {
			isa = PBXVariantGroup;
			children = (
				EDD0441E2A2629ED003D3DF1 /* Base */,
			);
			name = Main.storyboard;
			sourceTree = "<group>";
		};
		EDD044222A2629F2003D3DF1 /* LaunchScreen.storyboard */ = {
			isa = PBXVariantGroup;
			children = (
				EDD044232A2629F2003D3DF1 /* Base */,
			);
			name = LaunchScreen.storyboard;
			sourceTree = "<group>";
		};
/* End PBXVariantGroup section */

/* Begin XCBuildConfiguration section */
		EDD044262A2629F2003D3DF1 /* Debug */ = {
			isa = XCBuildConfiguration;
			buildSettings = {
				ALWAYS_SEARCH_USER_PATHS = NO;
				CLANG_ANALYZER_NONNULL = YES;
				CLANG_ANALYZER_NUMBER_OBJECT_CONVERSION = YES_AGGRESSIVE;
				CLANG_CXX_LANGUAGE_STANDARD = "gnu++20";
				CLANG_ENABLE_MODULES = YES;
				CLANG_ENABLE_OBJC_ARC = YES;
				CLANG_ENABLE_OBJC_WEAK = YES;
				CLANG_WARN_BLOCK_CAPTURE_AUTORELEASING = YES;
				CLANG_WARN_BOOL_CONVERSION = YES;
				CLANG_WARN_COMMA = YES;
				CLANG_WARN_CONSTANT_CONVERSION = YES;
				CLANG_WARN_DEPRECATED_OBJC_IMPLEMENTATIONS = YES;
				CLANG_WARN_DIRECT_OBJC_ISA_USAGE = YES_ERROR;
				CLANG_WARN_DOCUMENTATION_COMMENTS = YES;
				CLANG_WARN_EMPTY_BODY = YES;
				CLANG_WARN_ENUM_CONVERSION = YES;
				CLANG_WARN_INFINITE_RECURSION = YES;
				CLANG_WARN_INT_CONVERSION = YES;
				CLANG_WARN_NON_LITERAL_NULL_CONVERSION = YES;
				CLANG_WARN_OBJC_IMPLICIT_RETAIN_SELF = YES;
				CLANG_WARN_OBJC_LITERAL_CONVERSION = YES;
				CLANG_WARN_OBJC_ROOT_CLASS = YES_ERROR;
				CLANG_WARN_QUOTED_INCLUDE_IN_FRAMEWORK_HEADER = YES;
				CLANG_WARN_RANGE_LOOP_ANALYSIS = YES;
				CLANG_WARN_STRICT_PROTOTYPES = YES;
				CLANG_WARN_SUSPICIOUS_MOVE = YES;
				CLANG_WARN_UNGUARDED_AVAILABILITY = YES_AGGRESSIVE;
				CLANG_WARN_UNREACHABLE_CODE = YES;
				CLANG_WARN__DUPLICATE_METHOD_MATCH = YES;
				COPY_PHASE_STRIP = NO;
				DEBUG_INFORMATION_FORMAT = dwarf;
				ENABLE_STRICT_OBJC_MSGSEND = YES;
				ENABLE_TESTABILITY = YES;
				GCC_C_LANGUAGE_STANDARD = gnu11;
				GCC_DYNAMIC_NO_PIC = NO;
				GCC_NO_COMMON_BLOCKS = YES;
				GCC_OPTIMIZATION_LEVEL = 0;
				GCC_PREPROCESSOR_DEFINITIONS = (
					"DEBUG=1",
					"$(inherited)",
				);
				GCC_WARN_64_TO_32_BIT_CONVERSION = YES;
				GCC_WARN_ABOUT_RETURN_TYPE = YES_ERROR;
				GCC_WARN_UNDECLARED_SELECTOR = YES;
				GCC_WARN_UNINITIALIZED_AUTOS = YES_AGGRESSIVE;
				GCC_WARN_UNUSED_FUNCTION = YES;
				GCC_WARN_UNUSED_VARIABLE = YES;
				IPHONEOS_DEPLOYMENT_TARGET = 16.4;
				MTL_ENABLE_DEBUG_INFO = INCLUDE_SOURCE;
				MTL_FAST_MATH = YES;
				ONLY_ACTIVE_ARCH = YES;
				SDKROOT = iphoneos;
				SWIFT_ACTIVE_COMPILATION_CONDITIONS = DEBUG;
				SWIFT_OPTIMIZATION_LEVEL = "-Onone";
			};
			name = Debug;
		};
		EDD044272A2629F2003D3DF1 /* Release */ = {
			isa = XCBuildConfiguration;
			buildSettings = {
				ALWAYS_SEARCH_USER_PATHS = NO;
				CLANG_ANALYZER_NONNULL = YES;
				CLANG_ANALYZER_NUMBER_OBJECT_CONVERSION = YES_AGGRESSIVE;
				CLANG_CXX_LANGUAGE_STANDARD = "gnu++20";
				CLANG_ENABLE_MODULES = YES;
				CLANG_ENABLE_OBJC_ARC = YES;
				CLANG_ENABLE_OBJC_WEAK = YES;
				CLANG_WARN_BLOCK_CAPTURE_AUTORELEASING = YES;
				CLANG_WARN_BOOL_CONVERSION = YES;
				CLANG_WARN_COMMA = YES;
				CLANG_WARN_CONSTANT_CONVERSION = YES;
				CLANG_WARN_DEPRECATED_OBJC_IMPLEMENTATIONS = YES;
				CLANG_WARN_DIRECT_OBJC_ISA_USAGE = YES_ERROR;
				CLANG_WARN_DOCUMENTATION_COMMENTS = YES;
				CLANG_WARN_EMPTY_BODY = YES;
				CLANG_WARN_ENUM_CONVERSION = YES;
				CLANG_WARN_INFINITE_RECURSION = YES;
				CLANG_WARN_INT_CONVERSION = YES;
				CLANG_WARN_NON_LITERAL_NULL_CONVERSION = YES;
				CLANG_WARN_OBJC_IMPLICIT_RETAIN_SELF = YES;
				CLANG_WARN_OBJC_LITERAL_CONVERSION = YES;
				CLANG_WARN_OBJC_ROOT_CLASS = YES_ERROR;
				CLANG_WARN_QUOTED_INCLUDE_IN_FRAMEWORK_HEADER = YES;
				CLANG_WARN_RANGE_LOOP_ANALYSIS = YES;
				CLANG_WARN_STRICT_PROTOTYPES = YES;
				CLANG_WARN_SUSPICIOUS_MOVE = YES;
				CLANG_WARN_UNGUARDED_AVAILABILITY = YES_AGGRESSIVE;
				CLANG_WARN_UNREACHABLE_CODE = YES;
				CLANG_WARN__DUPLICATE_METHOD_MATCH = YES;
				COPY_PHASE_STRIP = NO;
				DEBUG_INFORMATION_FORMAT = "dwarf-with-dsym";
				ENABLE_NS_ASSERTIONS = NO;
				ENABLE_STRICT_OBJC_MSGSEND = YES;
				GCC_C_LANGUAGE_STANDARD = gnu11;
				GCC_NO_COMMON_BLOCKS = YES;
				GCC_WARN_64_TO_32_BIT_CONVERSION = YES;
				GCC_WARN_ABOUT_RETURN_TYPE = YES_ERROR;
				GCC_WARN_UNDECLARED_SELECTOR = YES;
				GCC_WARN_UNINITIALIZED_AUTOS = YES_AGGRESSIVE;
				GCC_WARN_UNUSED_FUNCTION = YES;
				GCC_WARN_UNUSED_VARIABLE = YES;
				IPHONEOS_DEPLOYMENT_TARGET = 16.4;
				MTL_ENABLE_DEBUG_INFO = NO;
				MTL_FAST_MATH = YES;
				SDKROOT = iphoneos;
				SWIFT_COMPILATION_MODE = wholemodule;
				SWIFT_OPTIMIZATION_LEVEL = "-O";
				VALIDATE_PRODUCT = YES;
			};
			name = Release;
		};
		EDD044292A2629F2003D3DF1 /* Debug */ = {
			isa = XCBuildConfiguration;
			buildSettings = {
				ASSETCATALOG_COMPILER_APPICON_NAME = AppIcon;
				ASSETCATALOG_COMPILER_GLOBAL_ACCENT_COLOR_NAME = AccentColor;
				CODE_SIGN_STYLE = Automatic;
				CURRENT_PROJECT_VERSION = 1;
				DEVELOPMENT_TEAM = NXVFBWNG9N;
				GENERATE_INFOPLIST_FILE = YES;
				INFOPLIST_FILE = "Birthday Reminder (UIKit Home work 5)/Info.plist";
				INFOPLIST_KEY_UIApplicationSupportsIndirectInputEvents = YES;
				INFOPLIST_KEY_UILaunchStoryboardName = LaunchScreen;
				INFOPLIST_KEY_UIMainStoryboardFile = Main;
				INFOPLIST_KEY_UISupportedInterfaceOrientations_iPad = "UIInterfaceOrientationPortrait UIInterfaceOrientationPortraitUpsideDown UIInterfaceOrientationLandscapeLeft UIInterfaceOrientationLandscapeRight";
				INFOPLIST_KEY_UISupportedInterfaceOrientations_iPhone = "UIInterfaceOrientationPortrait UIInterfaceOrientationLandscapeLeft UIInterfaceOrientationLandscapeRight";
				LD_RUNPATH_SEARCH_PATHS = (
					"$(inherited)",
					"@executable_path/Frameworks",
				);
				MARKETING_VERSION = 1.0;
				PRODUCT_BUNDLE_IDENTIFIER = "Kirill-Serov.Birthday-Reminder--UIKit-Home-work-5-";
				PRODUCT_NAME = "$(TARGET_NAME)";
				SWIFT_EMIT_LOC_STRINGS = YES;
				SWIFT_VERSION = 5.0;
				TARGETED_DEVICE_FAMILY = "1,2";
			};
			name = Debug;
		};
		EDD0442A2A2629F2003D3DF1 /* Release */ = {
			isa = XCBuildConfiguration;
			buildSettings = {
				ASSETCATALOG_COMPILER_APPICON_NAME = AppIcon;
				ASSETCATALOG_COMPILER_GLOBAL_ACCENT_COLOR_NAME = AccentColor;
				CODE_SIGN_STYLE = Automatic;
				CURRENT_PROJECT_VERSION = 1;
				DEVELOPMENT_TEAM = NXVFBWNG9N;
				GENERATE_INFOPLIST_FILE = YES;
				INFOPLIST_FILE = "Birthday Reminder (UIKit Home work 5)/Info.plist";
				INFOPLIST_KEY_UIApplicationSupportsIndirectInputEvents = YES;
				INFOPLIST_KEY_UILaunchStoryboardName = LaunchScreen;
				INFOPLIST_KEY_UIMainStoryboardFile = Main;
				INFOPLIST_KEY_UISupportedInterfaceOrientations_iPad = "UIInterfaceOrientationPortrait UIInterfaceOrientationPortraitUpsideDown UIInterfaceOrientationLandscapeLeft UIInterfaceOrientationLandscapeRight";
				INFOPLIST_KEY_UISupportedInterfaceOrientations_iPhone = "UIInterfaceOrientationPortrait UIInterfaceOrientationLandscapeLeft UIInterfaceOrientationLandscapeRight";
				LD_RUNPATH_SEARCH_PATHS = (
					"$(inherited)",
					"@executable_path/Frameworks",
				);
				MARKETING_VERSION = 1.0;
				PRODUCT_BUNDLE_IDENTIFIER = "Kirill-Serov.Birthday-Reminder--UIKit-Home-work-5-";
				PRODUCT_NAME = "$(TARGET_NAME)";
				SWIFT_EMIT_LOC_STRINGS = YES;
				SWIFT_VERSION = 5.0;
				TARGETED_DEVICE_FAMILY = "1,2";
			};
			name = Release;
		};
/* End XCBuildConfiguration section */

/* Begin XCConfigurationList section */
		EDD0440F2A2629ED003D3DF1 /* Build configuration list for PBXProject "Birthday Reminder (UIKit Home work 5)" */ = {
			isa = XCConfigurationList;
			buildConfigurations = (
				EDD044262A2629F2003D3DF1 /* Debug */,
				EDD044272A2629F2003D3DF1 /* Release */,
			);
			defaultConfigurationIsVisible = 0;
			defaultConfigurationName = Release;
		};
		EDD044282A2629F2003D3DF1 /* Build configuration list for PBXNativeTarget "Birthday Reminder (UIKit Home work 5)" */ = {
			isa = XCConfigurationList;
			buildConfigurations = (
				EDD044292A2629F2003D3DF1 /* Debug */,
				EDD0442A2A2629F2003D3DF1 /* Release */,
			);
			defaultConfigurationIsVisible = 0;
			defaultConfigurationName = Release;
		};
/* End XCConfigurationList section */

/* Begin XCVersionGroup section */
		ED9E4A662A81174D003C4274 /* Data Base.xcdatamodeld */ = {
			isa = XCVersionGroup;
			children = (
				ED9E4A672A81174D003C4274 /* Data Base.xcdatamodel */,
			);
			currentVersion = ED9E4A672A81174D003C4274 /* Data Base.xcdatamodel */;
			path = "Data Base.xcdatamodeld";
			sourceTree = "<group>";
			versionGroupType = wrapper.xcdatamodel;
		};
/* End XCVersionGroup section */
	};
	rootObject = EDD0440C2A2629ED003D3DF1 /* Project object */;
}
